skills:
  vue-skilld:
    packageName: vue
    version: 3.5.40
    repo: vuejs/core
    source: "https://github.com/vuejs/core/tree/v3.5.40/docs"
    syncedAt: 2026-07-18
    generator: skilld
  nuxt-skilld:
    packageName: nuxt
    version: 4.5.0
    packages: "nuxt@4.5.0"
    repo: nuxt/nuxt
    source: "https://github.com/nuxt/nuxt/tree/v4.5.0/docs"
    syncedAt: 2026-07-18
    generator: skilld
  vue-router-skilld:
    packageName: vue-router
    version: 5.2.0
    repo: vuejs/router
    source: "https://github.com/vuejs/router/tree/v5.2.0/docs"
    syncedAt: 2026-07-18
    generator: skilld
  nitro-cloudflare-dev-skilld:
    packageName: nitro-cloudflare-dev
    version: 0.2.2
    repo: pi0/nitro-cloudflare-dev
    source: "ungh://pi0/nitro-cloudflare-dev"
    syncedAt: 2026-07-18
    generator: skilld
  types-node-skilld:
    packageName: "@types/node"
    version: 26.1.1
    repo: DefinitelyTyped/DefinitelyTyped
    source: readme
    syncedAt: 2026-07-18
    generator: skilld
  nitropack-skilld:
    packageName: nitropack
    version: 2.13.4
    repo: nitrojs/nitro
    source: "https://github.com/nitrojs/nitro/tree/v2.13.4/docs"
    syncedAt: 2026-07-18
    generator: skilld
  nuxt-fonts-skilld:
    packageName: "@nuxt/fonts"
    version: 0.14.0
    repo: nuxt/fonts
    source: "https://fonts.nuxt.com/llms.txt"
    syncedAt: 2026-07-18
    generator: skilld
  nuxt-image-skilld:
    packageName: "@nuxt/image"
    version: 2.0.0
    repo: nuxt/image
    source: "https://github.com/nuxt/image/tree/v2.0.0/docs"
    syncedAt: 2026-07-18
    generator: skilld
  nuxt-scripts-skilld:
    packageName: "@nuxt/scripts"
    version: 1.3.1
    repo: nuxt/scripts
    source: "https://scripts.nuxt.com/llms.txt"
    syncedAt: 2026-07-18
    generator: skilld
  nuxt-icon-skilld:
    packageName: "@nuxt/icon"
    version: 2.3.1
    repo: nuxt/icon
    source: "https://github.com/nuxt/icon/tree/v2.3.1/docs"
    syncedAt: 2026-07-18
    generator: skilld
  nuxt-hints-skilld:
    packageName: "@nuxt/hints"
    version: 1.1.4
    repo: nuxt/hints
    source: "ungh://nuxt/hints"
    syncedAt: 2026-07-18
    generator: skilld
  tailwindcss-vite-skilld:
    packageName: "@tailwindcss/vite"
    version: 4.3.3
    repo: tailwindlabs/tailwindcss
    source: "https://github.com/tailwindlabs/tailwindcss/tree/v4.3.3/docs"
    syncedAt: 2026-07-18
    generator: skilld
  nuxt-eslint-skilld:
    packageName: "@nuxt/eslint"
    version: 1.16.0
    repo: nuxt/eslint
    source: "ungh://nuxt/eslint/packages/module@v1.16.0"
    syncedAt: 2026-07-18
    generator: skilld
  daisyui-skilld:
    packageName: daisyui
    version: 5.6.18
    repo: saadeghi/daisyui
    source: "https://daisyui.com/llms.txt"
    syncedAt: 2026-07-18
    generator: skilld
  nuxt-a11y-skilld:
    packageName: "@nuxt/a11y"
    version: 1.0.0-alpha.1
    repo: nuxt/a11y
    source: "ungh://nuxt/a11y"
    syncedAt: 2026-07-18
    generator: skilld
  unhead-vue-skilld:
    packageName: "@unhead/vue"
    version: 3.1.8
    repo: unjs/unhead
    source: "https://github.com/unjs/unhead/tree/v3.1.8/docs"
    syncedAt: 2026-07-18
    generator: skilld
  eslint-skilld:
    packageName: eslint
    version: 10.7.0
    repo: eslint/eslint
    source: "ungh://eslint/eslint@v10.7.0"
    syncedAt: 2026-07-18
    generator: skilld
  tailwindcss-skilld:
    packageName: tailwindcss
    version: 4.3.3
    repo: tailwindlabs/tailwindcss
    source: "ungh://tailwindlabs/tailwindcss/packages/tailwindcss@main"
    syncedAt: 2026-07-18
    generator: skilld
  trunkio-launcher-skilld:
    packageName: "@trunkio/launcher"
    version: 1.3.4
    source: git
    syncedAt: 2026-07-18
    generator: skilld
  node-gyp-skilld:
    packageName: node-gyp
    version: 13.0.1
    repo: nodejs/node-gyp
    source: "https://github.com/nodejs/node-gyp/tree/v13.0.1/docs"
    syncedAt: 2026-07-18
    generator: skilld
  anthropic-ai-claude-code-skilld:
    packageName: "@anthropic-ai/claude-code"
    version: 2.1.214
    repo: Exhen/claude-code-2.1.88
    source: "ungh://Exhen/claude-code-2.1.88"
    syncedAt: 2026-07-18
    generator: skilld
  npm-run-all2-skilld:
    packageName: npm-run-all2
    version: 9.0.2
    repo: bcomnes/npm-run-all2
    source: "ungh://bcomnes/npm-run-all2@v9.0.2"
    syncedAt: 2026-07-18
    generator: skilld
  skilld-skilld:
    packageName: skilld
    version: 2.0.0
    repo: skilld-dev/skilld
    source: "https://github.com/skilld-dev/skilld/tree/v2.0.0/docs"
    syncedAt: 2026-07-18
    generator: skilld
  drizzle-orm-skilld:
    packageName: drizzle-orm
    version: 0.45.2
    repo: drizzle-team/drizzle-orm
    source: "https://orm.drizzle.team/**"
    syncedAt: 2026-07-18
    generator: skilld
  drizzle-kit-skilld:
    packageName: drizzle-kit
    version: 0.31.10
    repo: drizzle-team/drizzle-orm
    source: "https://orm.drizzle.team/**"
    syncedAt: 2026-07-18
    generator: skilld
  prettier-skilld:
    packageName: prettier
    version: 3.9.5
    repo: prettier/prettier
    source: "https://github.com/prettier/prettier/tree/v3.9.5/docs"
    syncedAt: 2026-07-18
    generator: skilld
  three-skilld:
    packageName: three
    version: 0.185.1
    repo: mrdoob/three.js
    source: "https://github.com/mrdoob/three.js/tree/master/docs"
    syncedAt: 2026-07-18
    generator: skilld
  wrangler-skilld:
    packageName: wrangler
    version: 4.112.0
    repo: cloudflare/workers-sdk
    source: "https://developers.cloudflare.com/workers/**"
    syncedAt: 2026-07-18
    generator: skilld
